{
  "name": "mudclub-server",
  "lockfileVersion": 3,
  "requires": true,
  "packages": {
    "": {
      "name": "mudclub-server",
      "license": "AGPLV3",
      "dependencies": {
        "flowbite": "^1.8.1"
      },
      "devDependencies": {
        "browserslist": "^4.28.7"
      }
    },
    "node_modules/@popperjs/core": {
      "version": "2.11.8",
      "resolved": "https://registry.npmjs.org/@popperjs/core/-/core-2.11.8.tgz",
      "integrity": "sha512-P1st0aksCrn9sGZhp8GMYwBnQsbvAWsZAX44oXNNvLHGqAOcoVxmjZiohstwQ7SqKnbR47akdNi+uleWD8+g6A==",
      "funding": {
        "type": "opencollective",
        "url": "https://opencollective.com/popperjs"
      }
    },
    "node_modules/baseline-browser-mapping": {
      "version": "2.11.21",
      "resolved": "https://registry.npmjs.org/baseline-browser-mapping/-/baseline-browser-mapping-2.11.21.tgz",
      "integrity": "sha512-uh8vpY/1/YyFkunIDFH/12p7/7VdPKA1hejMVEbdkEaWnUz0Hesvx5EbiU6XxjyHZIOju+ZMbQJkRh+es3/spQ==",
      "dev": true,
      "license": "Apache-2.0",
      "bin": {
        "baseline-browser-mapping": "dist/cli.cjs"
      },
      "engines": {
        "node": ">=6.0.0"
      }
    },
    "node_modules/browserslist": {
      "version": "4.28.7",
      "resolved": "https://registry.npmjs.org/browserslist/-/browserslist-4.28.7.tgz",
      "integrity": "sha512-JxV13hNrFxqjOc8alRbq9dK1MM79NEXYpma2B2J4wAtpWS5zIEIKqWPGCl7N4o7Uc7B7itylh7SuDujATRyyTw==",
      "dev": true,
      "funding": [
        {
          "type": "opencollective",
          "url": "https://opencollective.com/browserslist"
        },
        {
          "type": "tidelift",
          "url": "https://tidelift.com/funding/github/npm/browserslist"
        },
        {
          "type": "github",
          "url": "https://github.com/sponsors/ai"
        }
      ],
      "license": "MIT",
      "dependencies": {
        "baseline-browser-mapping": "^2.10.44",
        "caniuse-lite": "^1.0.30001806",
        "electron-to-chromium": "^1.5.393",
        "node-releases": "^2.0.51",
        "update-browserslist-db": "^1.2.3"
      },
      "bin": {
        "browserslist": "cli.js"
      },
      "engines": {
        "node": "^6 || ^7 || ^8 || ^9 || ^10 || ^11 || ^12 || >=13.7"
      }
    },
    "node_modules/caniuse-lite": {
      "version": "1.0.30001810",
      "resolved": "https://registry.npmjs.org/caniuse-lite/-/caniuse-lite-1.0.30001810.tgz",
      "integrity": "sha512-TITQPUkaz+aVk5GL6NhOdwk1aEaNTSDPsGFWrTuhKGtjTF70jL/Oht2W4c6rXUe5fu7Ie19VIahAXHIIiWWNeg==",
      "dev": true,
      "funding": [
        {
          "type": "opencollective",
          "url": "https://opencollective.com/browserslist"
        },
        {
          "type": "tidelift",
          "url": "https://tidelift.com/funding/github/npm/caniuse-lite"
        },
        {
          "type": "github",
          "url": "https://github.com/sponsors/ai"
        }
      ],
      "license": "CC-BY-4.0"
    },
    "node_modules/electron-to-chromium": {
      "version": "1.5.422",
      "resolved": "https://registry.npmjs.org/electron-to-chromium/-/electron-to-chromium-1.5.422.tgz",
      "integrity": "sha512-UvA/32XqrLDdZSn7Jllo1AYNcWji/G0d5M0GTViE7KoGBiMunw3a34Sb2KO4ZZyrSEhqsxFoVhWWJshdyfKqJA==",
      "dev": true,
      "license": "ISC"
    },
    "node_modules/escalade": {
      "version": "3.2.0",
      "resolved": "https://registry.npmjs.org/escalade/-/escalade-3.2.0.tgz",
      "integrity": "sha512-WUj2qlxaQtO4g6Pq5c29GTcWGDyd8itL8zTlipgECz3JesAiiOKotd8JU6otB3PACgG6xkJUyVhboMS+bje/jA==",
      "dev": true,
      "license": "MIT",
      "engines": {
        "node": ">=6"
      }
    },
    "node_modules/flowbite": {
      "version": "1.8.1",
      "resolved": "https://registry.npmjs.org/flowbite/-/flowbite-1.8.1.tgz",
      "integrity": "sha512-lXTcO8a6dRTPFpINyOLcATCN/pK1Of/jY4PryklPllAiqH64tSDUsOdQpar3TO59ZXWwugm2e92oaqwH6X90Xg==",
      "dependencies": {
        "@popperjs/core": "^2.9.3",
        "mini-svg-data-uri": "^1.4.3"
      }
    },
    "node_modules/mini-svg-data-uri": {
      "version": "1.4.4",
      "resolved": "https://registry.npmjs.org/mini-svg-data-uri/-/mini-svg-data-uri-1.4.4.tgz",
      "integrity": "sha512-r9deDe9p5FJUPZAk3A59wGH7Ii9YrjjWw0jmw/liSbHl2CHiyXj6FcDXDu2K3TjVAXqiJdaw3xxwlZZr9E6nHg==",
      "bin": {
        "mini-svg-data-uri": "cli.js"
      }
    },
    "node_modules/node-releases": {
      "version": "2.0.54",
      "resolved": "https://registry.npmjs.org/node-releases/-/node-releases-2.0.54.tgz",
      "integrity": "sha512-YHs7BmmcsdAI5Ozuf8JZo6PT0mv2GIWC9vMfvUC3dp65M8hn7Ux8CPL+2oBI7juNuj9d0ndhTcznq2ODBps9cQ==",
      "dev": true,
      "license": "MIT",
      "engines": {
        "node": ">=18"
      }
    },
    "node_modules/picocolors": {
      "version": "1.1.1",
      "resolved": "https://registry.npmjs.org/picocolors/-/picocolors-1.1.1.tgz",
      "integrity": "sha512-xceH2snhtb5M9liqDsmEw56le376mTZkEX/jEb/RxNFyegNul7eNslCXP9FDj/Lcu0X8KEyMceP2ntpaHrDEVA==",
      "dev": true,
      "license": "ISC"
    },
    "node_modules/update-browserslist-db": {
      "version": "1.3.2",
      "resolved": "https://registry.npmjs.org/update-browserslist-db/-/update-browserslist-db-1.3.2.tgz",
      "integrity": "sha512-UQ+MSxlhRm1bzjhU+DcuXfjFO1FzNtqhK5+9Yvlp90ItDLk5vT932A0rFu619nf7RVS+Y/VeaUW1jaRDqZ8VJw==",
      "dev": true,
      "funding": [
        {
          "type": "opencollective",
          "url": "https://opencollective.com/browserslist"
        },
        {
          "type": "tidelift",
          "url": "https://tidelift.com/funding/github/npm/browserslist"
        },
        {
          "type": "github",
          "url": "https://github.com/sponsors/ai"
        }
      ],
      "license": "MIT",
      "dependencies": {
        "escalade": "^3.2.0",
        "picocolors": "^1.1.1"
      },
      "bin": {
        "update-browserslist-db": "cli.js"
      },
      "peerDependencies": {
        "browserslist": ">= 4.21.0"
      }
    }
  }
}
